
Microsoft Visual Studio Solution File, Format Version 12.00
# Visual Studio Version 16
VisualStudioVersion = 16.0.29911.84
MinimumVisualStudioVersion = 10.0.40219.1
Project("{FAE04EC0-301F-11D3-BF4B-00C04F79EFBC}") = "DataProtector", "DataProtector\DataProtector.csproj", "{8E1EC9EC-9CD8-431A-A8B2-60E4D93D1301}"
EndProject
Global
	GlobalSection(SolutionConfigurationPlatforms) = preSolution
		Debug|Any CPU = Debug|Any CPU
		Release|Any CPU = Release|Any CPU
	EndGlobalSection
	GlobalSection(ProjectConfigurationPlatforms) = postSolution
		{8E1EC9EC-9CD8-431A-A8B2-60E4D93D1301}.Debug|Any CPU.ActiveCfg = Debug|Any CPU
		{8E1EC9EC-9CD8-431A-A8B2-60E4D93D1301}.Debug|Any CPU.Build.0 = Debug|Any CPU
		{8E1EC9EC-9CD8-431A-A8B2-60E4D93D1301}.Release|Any CPU.ActiveCfg = Release|Any CPU
		{8E1EC9EC-9CD8-431A-A8B2-60E4D93D1301}.Release|Any CPU.Build.0 = Release|Any CPU
	EndGlobalSection
	GlobalSection(SolutionProperties) = preSolution
		HideSolutionNode = FALSE
	EndGlobalSection
	GlobalSection(ExtensibilityGlobals) = postSolution
		SolutionGuid = {5BFD2F37-70AA-46B6-8E20-7E6200E5D4E7}
	EndGlobalSection
EndGlobal
